{
  "version": 4,
  "terraform_version": "1.3.2",
  "serial": 3,
  "lineage": "40b2c278-97ca-9501-7246-c404f1bf2fab",
  "outputs": {},
  "resources": [
    {
      "module": "module.vm",
      "mode": "data",
      "type": "azurerm_resource_group",
      "name": "vnetrg",
      "provider": "module.vm.provider[\"registry.terraform.io/hashicorp/azurerm\"]",
      "instances": [
        {
          "schema_version": 0,
          "attributes": {
            "id": "/subscriptions/4199aea7-42e1-49bb-aaf5-17ed4dcce022/resourceGroups/rg-infra-uat-01",
            "location": "eastus2",
            "name": "rg-infra-uat-01",
            "tags": {},
            "timeouts": null
          },
          "sensitive_attributes": []
        }
      ]
    },
    {
      "module": "module.vm",
      "mode": "data",
      "type": "azurerm_subnet",
      "name": "subnet",
      "provider": "module.vm.provider[\"registry.terraform.io/hashicorp/azurerm\"]",
      "instances": [
        {
          "schema_version": 0,
          "attributes": {
            "address_prefix": "10.189.180.128/26",
            "address_prefixes": [
              "10.189.180.128/26"
            ],
            "enforce_private_link_endpoint_network_policies": true,
            "enforce_private_link_service_network_policies": false,
            "id": "/subscriptions/4199aea7-42e1-49bb-aaf5-17ed4dcce022/resourceGroups/rg-infra-uat-01/providers/Microsoft.Network/virtualNetworks/vnet-infra-uat-01/subnets/sub-infra-uat-01",
            "name": "sub-infra-uat-01",
            "network_security_group_id": "",
            "private_endpoint_network_policies_enabled": false,
            "private_link_service_network_policies_enabled": true,
            "resource_group_name": "rg-infra-uat-01",
            "route_table_id": "",
            "service_endpoints": [],
            "timeouts": null,
            "virtual_network_name": "vnet-infra-uat-01"
          },
          "sensitive_attributes": []
        }
      ]
    },
    {
      "module": "module.vm",
      "mode": "data",
      "type": "azurerm_virtual_network",
      "name": "vnet",
      "provider": "module.vm.provider[\"registry.terraform.io/hashicorp/azurerm\"]",
      "instances": [
        {
          "schema_version": 0,
          "attributes": {
            "address_space": [
              "10.189.180.0/22"
            ],
            "dns_servers": null,
            "guid": "7036daee-99d3-4c2f-a396-5bd7166458ec",
            "id": "/subscriptions/4199aea7-42e1-49bb-aaf5-17ed4dcce022/resourceGroups/rg-infra-uat-01/providers/Microsoft.Network/virtualNetworks/vnet-infra-uat-01",
            "location": "eastus2",
            "name": "vnet-infra-uat-01",
            "resource_group_name": "rg-infra-uat-01",
            "subnets": [
              "sub-infra-uat-01"
            ],
            "tags": {},
            "timeouts": null,
            "vnet_peerings": {},
            "vnet_peerings_addresses": []
          },
          "sensitive_attributes": []
        }
      ]
    },
    {
      "module": "module.vm",
      "mode": "managed",
      "type": "azurerm_linux_virtual_machine",
      "name": "vm",
      "provider": "module.vm.provider[\"registry.terraform.io/hashicorp/azurerm\"]",
      "instances": [
        {
          "schema_version": 0,
          "attributes": {
            "additional_capabilities": [],
            "admin_password": null,
            "admin_ssh_key": [
              {
                "public_key": "ssh-rsa AAAAB3NzaC1yc2EAAAADAQABAAABgQDDuySG8y8Fk/FmBuAWSADWkj7OUUUAGdz4Fu6XqvSAkb2vDGfNl0VrTdIFfB06gJ96BiVaFjo9rcvNrXC3n4t6k40X6bqrGWz1Juye4XKTj7MMidgCgHVluSoEcgfQMGQ4nBvXvn1M9ZswOziAaoRcwCRMYl0R16DvenOfEOFVhjnjT5LwoK0Gfsdp4BztLHRXD/ru2Ezrf36XGudj280L5N5QLUIESBBlBB6qFJxuO+IW49zBSGECJyllNBz8G8RHpjbAkMoJ8kPpckSIZ2AsqUBqcmLQicU9smmD8fVxhMEUCYMV7EU87Nu39Jvr3gnuSzTskDR9nDOa1num1E6eIC3bYnxmFEdkq4k7AYEhOoakuEZJbVuQHtAqnd6a1Xuxk2pr8l9ESqbNqJ0WwVzqesECkwzIGQ2/Kq2Rf5Gh8oecYo78UDE632nXVbom0VZtd8jSTmI6Sfb2kdvOCKWt0Stj4Pit3uQN10VWguF2f31eZfsibpejsXAKhqxYRUc= rahulsharma@AGPF372GKA\n",
                "username": "adminuser"
              }
            ],
            "admin_username": "adminuser",
            "allow_extension_operations": true,
            "availability_set_id": "",
            "boot_diagnostics": [],
            "capacity_reservation_group_id": "",
            "computer_name": "vm-monit-uat-01",
            "custom_data": null,
            "dedicated_host_group_id": "",
            "dedicated_host_id": "",
            "disable_password_authentication": true,
            "edge_zone": "",
            "encryption_at_host_enabled": false,
            "eviction_policy": "",
            "extensions_time_budget": "PT1H30M",
            "gallery_application": [],
            "id": "/subscriptions/4199aea7-42e1-49bb-aaf5-17ed4dcce022/resourceGroups/rg-infra-uat-01/providers/Microsoft.Compute/virtualMachines/vm-monit-uat-01",
            "identity": [],
            "license_type": "",
            "location": "eastus2",
            "max_bid_price": -1,
            "name": "vm-monit-uat-01",
            "network_interface_ids": [
              "/subscriptions/4199aea7-42e1-49bb-aaf5-17ed4dcce022/resourceGroups/rg-infra-uat-01/providers/Microsoft.Network/networkInterfaces/nic-vm-dev-02"
            ],
            "os_disk": [
              {
                "caching": "ReadWrite",
                "diff_disk_settings": [],
                "disk_encryption_set_id": "",
                "disk_size_gb": 30,
                "name": "vm-monit-uat-01_OsDisk_1_7c57a7c573a043ddb676b501edd7faf2",
                "secure_vm_disk_encryption_set_id": "",
                "security_encryption_type": "",
                "storage_account_type": "Standard_LRS",
                "write_accelerator_enabled": false
              }
            ],
            "patch_assessment_mode": "ImageDefault",
            "patch_mode": "ImageDefault",
            "plan": [],
            "platform_fault_domain": -1,
            "priority": "Regular",
            "private_ip_address": "10.189.180.132",
            "private_ip_addresses": [
              "10.189.180.132"
            ],
            "provision_vm_agent": true,
            "proximity_placement_group_id": "",
            "public_ip_address": "",
            "public_ip_addresses": [],
            "resource_group_name": "rg-infra-uat-01",
            "secret": [],
            "secure_boot_enabled": false,
            "size": "Standard_B2s",
            "source_image_id": "",
            "source_image_reference": [
              {
                "offer": "0001-com-ubuntu-server-focal",
                "publisher": "Canonical",
                "sku": "20_04-lts-gen2",
                "version": "latest"
              }
            ],
            "tags": {
              "ApplicationName": "Testing_APP",
              "Env": "uat",
              "Owner": "rahulsharma@teksystems.com",
              "Team": "DevOps"
            },
            "termination_notification": null,
            "timeouts": null,
            "user_data": "",
            "virtual_machine_id": "a31e816d-d438-4e72-8b0d-55e183a268f5",
            "virtual_machine_scale_set_id": "",
            "vtpm_enabled": false,
            "zone": ""
          },
          "sensitive_attributes": [],
          "private": "eyJlMmJmYjczMC1lY2FhLTExZTYtOGY4OC0zNDM2M2JjN2M0YzAiOnsiY3JlYXRlIjoyNzAwMDAwMDAwMDAwLCJkZWxldGUiOjI3MDAwMDAwMDAwMDAsInJlYWQiOjMwMDAwMDAwMDAwMCwidXBkYXRlIjoyNzAwMDAwMDAwMDAwfX0=",
          "dependencies": [
            "module.vm.azurerm_network_interface.net_int",
            "module.vm.data.azurerm_resource_group.vnetrg",
            "module.vm.data.azurerm_subnet.subnet"
          ]
        }
      ]
    },
    {
      "module": "module.vm",
      "mode": "managed",
      "type": "azurerm_network_interface",
      "name": "net_int",
      "provider": "module.vm.provider[\"registry.terraform.io/hashicorp/azurerm\"]",
      "instances": [
        {
          "schema_version": 0,
          "attributes": {
            "applied_dns_servers": [],
            "dns_servers": [],
            "edge_zone": "",
            "enable_accelerated_networking": false,
            "enable_ip_forwarding": false,
            "id": "/subscriptions/4199aea7-42e1-49bb-aaf5-17ed4dcce022/resourceGroups/rg-infra-uat-01/providers/Microsoft.Network/networkInterfaces/nic-vm-dev-02",
            "internal_dns_name_label": "",
            "internal_domain_name_suffix": "31ndm2gttexuzi2wlplrmzcy3e.cx.internal.cloudapp.net",
            "ip_configuration": [
              {
                "gateway_load_balancer_frontend_ip_configuration_id": "",
                "name": "ip-uat-ni-config",
                "primary": true,
                "private_ip_address": "10.189.180.132",
                "private_ip_address_allocation": "Dynamic",
                "private_ip_address_version": "IPv4",
                "public_ip_address_id": "",
                "subnet_id": "/subscriptions/4199aea7-42e1-49bb-aaf5-17ed4dcce022/resourceGroups/rg-infra-uat-01/providers/Microsoft.Network/virtualNetworks/vnet-infra-uat-01/subnets/sub-infra-uat-01"
              }
            ],
            "location": "eastus2",
            "mac_address": "",
            "name": "nic-vm-dev-02",
            "private_ip_address": "10.189.180.132",
            "private_ip_addresses": [
              "10.189.180.132"
            ],
            "resource_group_name": "rg-infra-uat-01",
            "tags": {
              "ApplicationName": "Testing_APP",
              "Env": "uat",
              "Owner": "rahulsharma@teksystems.com",
              "Team": "DevOps"
            },
            "timeouts": null,
            "virtual_machine_id": ""
          },
          "sensitive_attributes": [],
          "private": "eyJlMmJmYjczMC1lY2FhLTExZTYtOGY4OC0zNDM2M2JjN2M0YzAiOnsiY3JlYXRlIjoxODAwMDAwMDAwMDAwLCJkZWxldGUiOjE4MDAwMDAwMDAwMDAsInJlYWQiOjMwMDAwMDAwMDAwMCwidXBkYXRlIjoxODAwMDAwMDAwMDAwfX0=",
          "dependencies": [
            "module.vm.data.azurerm_resource_group.vnetrg",
            "module.vm.data.azurerm_subnet.subnet"
          ]
        }
      ]
    }
  ],
  "check_results": []
}
